
Microsoft Visual Studio Solution File, Format Version 12.00
Project("{2150E333-8FDC-42A3-9474-1A3956D46DE8}") = "src", "src", "{B9F143CF-8F1B-4ADC-931A-06272DBB403E}"
EndProject
Project("{FAE04EC0-301F-11D3-BF4B-00C04F79EFBC}") = "Harmony.Core", "src\Harmony.Core\Harmony.Core.csproj", "{D85E59F5-81F2-4D80-A1A6-BEC63AF5E269}"
EndProject
Project("{FAE04EC0-301F-11D3-BF4B-00C04F79EFBC}") = "Harmony.Results", "src\Harmony.Results\Harmony.Results.csproj", "{3D6F4420-8203-4325-966C-91CC809826A4}"
EndProject
Project("{FAE04EC0-301F-11D3-BF4B-00C04F79EFBC}") = "Harmony.Test", "src\Harmony.Test\Harmony.Test.csproj", "{4BAE9E8A-6AB7-44DF-AE6E-3EE8A769AF40}"
EndProject
Global
	GlobalSection(SolutionConfigurationPlatforms) = preSolution
		Debug|Any CPU = Debug|Any CPU
		Release|Any CPU = Release|Any CPU
	EndGlobalSection
	GlobalSection(ProjectConfigurationPlatforms) = postSolution
		{D85E59F5-81F2-4D80-A1A6-BEC63AF5E269}.Debug|Any CPU.ActiveCfg = Debug|Any CPU
		{D85E59F5-81F2-4D80-A1A6-BEC63AF5E269}.Debug|Any CPU.Build.0 = Debug|Any CPU
		{D85E59F5-81F2-4D80-A1A6-BEC63AF5E269}.Release|Any CPU.ActiveCfg = Release|Any CPU
		{D85E59F5-81F2-4D80-A1A6-BEC63AF5E269}.Release|Any CPU.Build.0 = Release|Any CPU
		{3D6F4420-8203-4325-966C-91CC809826A4}.Debug|Any CPU.ActiveCfg = Debug|Any CPU
		{3D6F4420-8203-4325-966C-91CC809826A4}.Debug|Any CPU.Build.0 = Debug|Any CPU
		{3D6F4420-8203-4325-966C-91CC809826A4}.Release|Any CPU.ActiveCfg = Release|Any CPU
		{3D6F4420-8203-4325-966C-91CC809826A4}.Release|Any CPU.Build.0 = Release|Any CPU
		{4BAE9E8A-6AB7-44DF-AE6E-3EE8A769AF40}.Debug|Any CPU.ActiveCfg = Debug|Any CPU
		{4BAE9E8A-6AB7-44DF-AE6E-3EE8A769AF40}.Debug|Any CPU.Build.0 = Debug|Any CPU
		{4BAE9E8A-6AB7-44DF-AE6E-3EE8A769AF40}.Release|Any CPU.ActiveCfg = Release|Any CPU
		{4BAE9E8A-6AB7-44DF-AE6E-3EE8A769AF40}.Release|Any CPU.Build.0 = Release|Any CPU
	EndGlobalSection
	GlobalSection(NestedProjects) = preSolution
		{D85E59F5-81F2-4D80-A1A6-BEC63AF5E269} = {B9F143CF-8F1B-4ADC-931A-06272DBB403E}
		{3D6F4420-8203-4325-966C-91CC809826A4} = {B9F143CF-8F1B-4ADC-931A-06272DBB403E}
		{4BAE9E8A-6AB7-44DF-AE6E-3EE8A769AF40} = {B9F143CF-8F1B-4ADC-931A-06272DBB403E}
	EndGlobalSection
EndGlobal
