
Microsoft Visual Studio Solution File, Format Version 12.00
Project("{2150E333-8FDC-42A3-9474-1A3956D46DE8}") = "src", "src", "{B9F143CF-8F1B-4ADC-931A-06272DBB403E}"
EndProject
Project("{2150E333-8FDC-42A3-9474-1A3956D46DE8}") = "Library", "Library", "{76CCE101-FEDE-47D4-80C1-21289394D093}"
EndProject
Project("{2150E333-8FDC-42A3-9474-1A3956D46DE8}") = "SampleProject", "SampleProject", "{FD89C8B6-3AF6-46F8-9D91-AE1D6F4230D1}"
EndProject
Project("{FAE04EC0-301F-11D3-BF4B-00C04F79EFBC}") = "Harmony.Cqrs", "src\Library\Harmony.Cqrs\Harmony.Cqrs.csproj", "{473ADCA0-321F-445F-95AC-EE5E4C3D3F93}"
EndProject
Project("{FAE04EC0-301F-11D3-BF4B-00C04F79EFBC}") = "Harmony.MinimalApis", "src\Library\Harmony.MinimalApis\Harmony.MinimalApis.csproj", "{8265EE63-F9C0-4CF2-9863-551DC39BE1A7}"
EndProject
Project("{FAE04EC0-301F-11D3-BF4B-00C04F79EFBC}") = "Harmony.Results", "src\Library\Harmony.Results\Harmony.Results.csproj", "{B60FBECB-8F7F-4F25-9ECB-2F7DFA4E73EF}"
EndProject
Project("{FAE04EC0-301F-11D3-BF4B-00C04F79EFBC}") = "Todo.Api", "src\SampleProject\Todo.Api\Todo.Api.csproj", "{C5082B03-613C-46DE-9E39-4445C6C76EED}"
EndProject
Project("{FAE04EC0-301F-11D3-BF4B-00C04F79EFBC}") = "Todo.Application", "src\SampleProject\Todo.Application\Todo.Application.csproj", "{9F06DFDC-B308-4217-B593-1AB494046CD5}"
EndProject
Project("{FAE04EC0-301F-11D3-BF4B-00C04F79EFBC}") = "Todo.Infrastructure", "src\SampleProject\Todo.Infrastructure\Todo.Infrastructure.csproj", "{5CDE4F20-CAE5-483C-9FED-D25EFDA4509E}"
EndProject
Project("{FAE04EC0-301F-11D3-BF4B-00C04F79EFBC}") = "Todo.Domain", "src\SampleProject\Todo.Domain\Todo.Domain.csproj", "{B7BE7F8D-7367-4022-B2AC-1F85AC1239AE}"
EndProject
Global
	GlobalSection(SolutionConfigurationPlatforms) = preSolution
		Debug|Any CPU = Debug|Any CPU
		Release|Any CPU = Release|Any CPU
	EndGlobalSection
	GlobalSection(ProjectConfigurationPlatforms) = postSolution
		{473ADCA0-321F-445F-95AC-EE5E4C3D3F93}.Debug|Any CPU.ActiveCfg = Debug|Any CPU
		{473ADCA0-321F-445F-95AC-EE5E4C3D3F93}.Debug|Any CPU.Build.0 = Debug|Any CPU
		{473ADCA0-321F-445F-95AC-EE5E4C3D3F93}.Release|Any CPU.ActiveCfg = Release|Any CPU
		{473ADCA0-321F-445F-95AC-EE5E4C3D3F93}.Release|Any CPU.Build.0 = Release|Any CPU
		{8265EE63-F9C0-4CF2-9863-551DC39BE1A7}.Debug|Any CPU.ActiveCfg = Debug|Any CPU
		{8265EE63-F9C0-4CF2-9863-551DC39BE1A7}.Debug|Any CPU.Build.0 = Debug|Any CPU
		{8265EE63-F9C0-4CF2-9863-551DC39BE1A7}.Release|Any CPU.ActiveCfg = Release|Any CPU
		{8265EE63-F9C0-4CF2-9863-551DC39BE1A7}.Release|Any CPU.Build.0 = Release|Any CPU
		{B60FBECB-8F7F-4F25-9ECB-2F7DFA4E73EF}.Debug|Any CPU.ActiveCfg = Debug|Any CPU
		{B60FBECB-8F7F-4F25-9ECB-2F7DFA4E73EF}.Debug|Any CPU.Build.0 = Debug|Any CPU
		{B60FBECB-8F7F-4F25-9ECB-2F7DFA4E73EF}.Release|Any CPU.ActiveCfg = Release|Any CPU
		{B60FBECB-8F7F-4F25-9ECB-2F7DFA4E73EF}.Release|Any CPU.Build.0 = Release|Any CPU
		{C5082B03-613C-46DE-9E39-4445C6C76EED}.Debug|Any CPU.ActiveCfg = Debug|Any CPU
		{C5082B03-613C-46DE-9E39-4445C6C76EED}.Debug|Any CPU.Build.0 = Debug|Any CPU
		{C5082B03-613C-46DE-9E39-4445C6C76EED}.Release|Any CPU.ActiveCfg = Release|Any CPU
		{C5082B03-613C-46DE-9E39-4445C6C76EED}.Release|Any CPU.Build.0 = Release|Any CPU
		{9F06DFDC-B308-4217-B593-1AB494046CD5}.Debug|Any CPU.ActiveCfg = Debug|Any CPU
		{9F06DFDC-B308-4217-B593-1AB494046CD5}.Debug|Any CPU.Build.0 = Debug|Any CPU
		{9F06DFDC-B308-4217-B593-1AB494046CD5}.Release|Any CPU.ActiveCfg = Release|Any CPU
		{9F06DFDC-B308-4217-B593-1AB494046CD5}.Release|Any CPU.Build.0 = Release|Any CPU
		{5CDE4F20-CAE5-483C-9FED-D25EFDA4509E}.Debug|Any CPU.ActiveCfg = Debug|Any CPU
		{5CDE4F20-CAE5-483C-9FED-D25EFDA4509E}.Debug|Any CPU.Build.0 = Debug|Any CPU
		{5CDE4F20-CAE5-483C-9FED-D25EFDA4509E}.Release|Any CPU.ActiveCfg = Release|Any CPU
		{5CDE4F20-CAE5-483C-9FED-D25EFDA4509E}.Release|Any CPU.Build.0 = Release|Any CPU
		{B7BE7F8D-7367-4022-B2AC-1F85AC1239AE}.Debug|Any CPU.ActiveCfg = Debug|Any CPU
		{B7BE7F8D-7367-4022-B2AC-1F85AC1239AE}.Debug|Any CPU.Build.0 = Debug|Any CPU
		{B7BE7F8D-7367-4022-B2AC-1F85AC1239AE}.Release|Any CPU.ActiveCfg = Release|Any CPU
		{B7BE7F8D-7367-4022-B2AC-1F85AC1239AE}.Release|Any CPU.Build.0 = Release|Any CPU
	EndGlobalSection
	GlobalSection(NestedProjects) = preSolution
		{76CCE101-FEDE-47D4-80C1-21289394D093} = {B9F143CF-8F1B-4ADC-931A-06272DBB403E}
		{FD89C8B6-3AF6-46F8-9D91-AE1D6F4230D1} = {B9F143CF-8F1B-4ADC-931A-06272DBB403E}
		{473ADCA0-321F-445F-95AC-EE5E4C3D3F93} = {76CCE101-FEDE-47D4-80C1-21289394D093}
		{8265EE63-F9C0-4CF2-9863-551DC39BE1A7} = {76CCE101-FEDE-47D4-80C1-21289394D093}
		{B60FBECB-8F7F-4F25-9ECB-2F7DFA4E73EF} = {76CCE101-FEDE-47D4-80C1-21289394D093}
		{C5082B03-613C-46DE-9E39-4445C6C76EED} = {FD89C8B6-3AF6-46F8-9D91-AE1D6F4230D1}
		{9F06DFDC-B308-4217-B593-1AB494046CD5} = {FD89C8B6-3AF6-46F8-9D91-AE1D6F4230D1}
		{5CDE4F20-CAE5-483C-9FED-D25EFDA4509E} = {FD89C8B6-3AF6-46F8-9D91-AE1D6F4230D1}
		{B7BE7F8D-7367-4022-B2AC-1F85AC1239AE} = {FD89C8B6-3AF6-46F8-9D91-AE1D6F4230D1}
	EndGlobalSection
EndGlobal
