
Microsoft Visual Studio Solution File, Format Version 12.00
Project("{2150E333-8FDC-42A3-9474-1A3956D46DE8}") = "src", "src", "{B9F143CF-8F1B-4ADC-931A-06272DBB403E}"
EndProject
Project("{FAE04EC0-301F-11D3-BF4B-00C04F79EFBC}") = "Harmony.Results", "src\Harmony.Results\Harmony.Results.csproj", "{3D6F4420-8203-4325-966C-91CC809826A4}"
EndProject
Project("{FAE04EC0-301F-11D3-BF4B-00C04F79EFBC}") = "Harmony.Test", "src\Harmony.Test\Harmony.Test.csproj", "{4BAE9E8A-6AB7-44DF-AE6E-3EE8A769AF40}"
EndProject
Project("{FAE04EC0-301F-11D3-BF4B-00C04F79EFBC}") = "Harmony.MinimalApis", "src\Harmony.MinimalApis\Harmony.MinimalApis.csproj", "{7712569A-3A86-41B0-AEA4-FE62B6A65E59}"
EndProject
Project("{FAE04EC0-301F-11D3-BF4B-00C04F79EFBC}") = "Harmony.Cqrs", "src\Harmony.Cqrs\Harmony.Cqrs.csproj", "{8446AA43-56E3-45A1-B0A1-E2C6E1B54D28}"
EndProject
Global
	GlobalSection(SolutionConfigurationPlatforms) = preSolution
		Debug|Any CPU = Debug|Any CPU
		Release|Any CPU = Release|Any CPU
	EndGlobalSection
	GlobalSection(ProjectConfigurationPlatforms) = postSolution
		{3D6F4420-8203-4325-966C-91CC809826A4}.Debug|Any CPU.ActiveCfg = Debug|Any CPU
		{3D6F4420-8203-4325-966C-91CC809826A4}.Debug|Any CPU.Build.0 = Debug|Any CPU
		{3D6F4420-8203-4325-966C-91CC809826A4}.Release|Any CPU.ActiveCfg = Release|Any CPU
		{3D6F4420-8203-4325-966C-91CC809826A4}.Release|Any CPU.Build.0 = Release|Any CPU
		{4BAE9E8A-6AB7-44DF-AE6E-3EE8A769AF40}.Debug|Any CPU.ActiveCfg = Debug|Any CPU
		{4BAE9E8A-6AB7-44DF-AE6E-3EE8A769AF40}.Debug|Any CPU.Build.0 = Debug|Any CPU
		{4BAE9E8A-6AB7-44DF-AE6E-3EE8A769AF40}.Release|Any CPU.ActiveCfg = Release|Any CPU
		{4BAE9E8A-6AB7-44DF-AE6E-3EE8A769AF40}.Release|Any CPU.Build.0 = Release|Any CPU
		{7712569A-3A86-41B0-AEA4-FE62B6A65E59}.Debug|Any CPU.ActiveCfg = Debug|Any CPU
		{7712569A-3A86-41B0-AEA4-FE62B6A65E59}.Debug|Any CPU.Build.0 = Debug|Any CPU
		{7712569A-3A86-41B0-AEA4-FE62B6A65E59}.Release|Any CPU.ActiveCfg = Release|Any CPU
		{7712569A-3A86-41B0-AEA4-FE62B6A65E59}.Release|Any CPU.Build.0 = Release|Any CPU
		{8446AA43-56E3-45A1-B0A1-E2C6E1B54D28}.Debug|Any CPU.ActiveCfg = Debug|Any CPU
		{8446AA43-56E3-45A1-B0A1-E2C6E1B54D28}.Debug|Any CPU.Build.0 = Debug|Any CPU
		{8446AA43-56E3-45A1-B0A1-E2C6E1B54D28}.Release|Any CPU.ActiveCfg = Release|Any CPU
		{8446AA43-56E3-45A1-B0A1-E2C6E1B54D28}.Release|Any CPU.Build.0 = Release|Any CPU
	EndGlobalSection
	GlobalSection(NestedProjects) = preSolution
		{3D6F4420-8203-4325-966C-91CC809826A4} = {B9F143CF-8F1B-4ADC-931A-06272DBB403E}
		{4BAE9E8A-6AB7-44DF-AE6E-3EE8A769AF40} = {B9F143CF-8F1B-4ADC-931A-06272DBB403E}
		{7712569A-3A86-41B0-AEA4-FE62B6A65E59} = {B9F143CF-8F1B-4ADC-931A-06272DBB403E}
		{8446AA43-56E3-45A1-B0A1-E2C6E1B54D28} = {B9F143CF-8F1B-4ADC-931A-06272DBB403E}
	EndGlobalSection
EndGlobal
